
Microsoft Visual Studio Solution File, Format Version 12.00
# Visual Studio Version 16
VisualStudioVersion = 16.0.29609.76
MinimumVisualStudioVersion = 10.0.40219.1
Project("{FAE04EC0-301F-11D3-BF4B-00C04F79EFBC}") = "JsonToHtml", "JsonToHtml\JsonToHtml.csproj", "{97F26E31-9A0E-45A8-AE8B-197D565CA32B}"
EndProject
Global
	GlobalSection(SolutionConfigurationPlatforms) = preSolution
		Debug|Any CPU = Debug|Any CPU
		Release|Any CPU = Release|Any CPU
	EndGlobalSection
	GlobalSection(ProjectConfigurationPlatforms) = postSolution
		{97F26E31-9A0E-45A8-AE8B-197D565CA32B}.Debug|Any CPU.ActiveCfg = Debug|Any CPU
		{97F26E31-9A0E-45A8-AE8B-197D565CA32B}.Debug|Any CPU.Build.0 = Debug|Any CPU
		{97F26E31-9A0E-45A8-AE8B-197D565CA32B}.Release|Any CPU.ActiveCfg = Release|Any CPU
		{97F26E31-9A0E-45A8-AE8B-197D565CA32B}.Release|Any CPU.Build.0 = Release|Any CPU
	EndGlobalSection
	GlobalSection(SolutionProperties) = preSolution
		HideSolutionNode = FALSE
	EndGlobalSection
	GlobalSection(ExtensibilityGlobals) = postSolution
		SolutionGuid = {640E043A-7CC1-4460-8786-FE6D892516C8}
	EndGlobalSection
EndGlobal
